// !$*UTF8*$!
{
	archiveVersion = 1;
	classes = {
	};
	objectVersion = 48;
	objects = {

/* Begin PBXBuildFile section */
		52217FF68F4671734E2F77FF /* Pods_OnboardingDemoLottie.framework in Frameworks */ = {isa = PBXBuildFile; fileRef = C1AAD32E0AEB7704FAB0B200 /* Pods_OnboardingDemoLottie.framework */; };
		BB6FAE2B1FEA92E0004ABB7B /* AppDelegate.swift in Sources */ = {isa = PBXBuildFile; fileRef = BB6FAE2A1FEA92E0004ABB7B /* AppDelegate.swift */; };
		BB6FAE2D1FEA92E0004ABB7B /* ViewController.swift in Sources */ = {isa = PBXBuildFile; fileRef = BB6FAE2C1FEA92E0004ABB7B /* ViewController.swift */; };
		BB6FAE301FEA92E0004ABB7B /* Main.storyboard in Resources */ = {isa = PBXBuildFile; fileRef = BB6FAE2E1FEA92E0004ABB7B /* Main.storyboard */; };
		BB6FAE321FEA92E0004ABB7B /* Assets.xcassets in Resources */ = {isa = PBXBuildFile; fileRef = BB6FAE311FEA92E0004ABB7B /* Assets.xcassets */; };
		BB6FAE351FEA92E0004ABB7B /* LaunchScreen.storyboard in Resources */ = {isa = PBXBuildFile; fileRef = BB6FAE331FEA92E0004ABB7B /* LaunchScreen.storyboard */; };
		BBEAA7F51FECF011001B1304 /* walkthrough.json in Resources */ = {isa = PBXBuildFile; fileRef = BBEAA7F41FECF011001B1304 /* walkthrough.json */; };
/* End PBXBuildFile section */

/* Begin PBXFileReference section */
		9C4D07ABD0B6D4F5DB0C5BD7 /* Pods-OnboardingDemoLottie.debug.xcconfig */ = {isa = PBXFileReference; includeInIndex = 1; lastKnownFileType = text.xcconfig; name = "Pods-OnboardingDemoLottie.debug.xcconfig"; path = "Pods/Target Support Files/Pods-OnboardingDemoLottie/Pods-OnboardingDemoLottie.debug.xcconfig"; sourceTree = "<group>"; };
		BB6FAE271FEA92E0004ABB7B /* OnboardingDemoLottie.app */ = {isa = PBXFileReference; explicitFileType = wrapper.application; includeInIndex = 0; path = OnboardingDemoLottie.app; sourceTree = BUILT_PRODUCTS_DIR; };
		BB6FAE2A1FEA92E0004ABB7B /* AppDelegate.swift */ = {isa = PBXFileReference; lastKnownFileType = sourcecode.swift; path = AppDelegate.swift; sourceTree = "<group>"; };
		BB6FAE2C1FEA92E0004ABB7B /* ViewController.swift */ = {isa = PBXFileReference; lastKnownFileType = sourcecode.swift; path = ViewController.swift; sourceTree = "<group>"; };
		BB6FAE2F1FEA92E0004ABB7B /* Base */ = {isa = PBXFileReference; lastKnownFileType = file.storyboard; name = Base; path = Base.lproj/Main.storyboard; sourceTree = "<group>"; };
		BB6FAE311FEA92E0004ABB7B /* Assets.xcassets */ = {isa = PBXFileReference; lastKnownFileType = folder.assetcatalog; path = Assets.xcassets; sourceTree = "<group>"; };
		BB6FAE341FEA92E0004ABB7B /* Base */ = {isa = PBXFileReference; lastKnownFileType = file.storyboard; name = Base; path = Base.lproj/LaunchScreen.storyboard; sourceTree = "<group>"; };
		BB6FAE361FEA92E0004ABB7B /* Info.plist */ = {isa = PBXFileReference; lastKnownFileType = text.plist.xml; path = Info.plist; sourceTree = "<group>"; };
		BBEAA7F41FECF011001B1304 /* walkthrough.json */ = {isa = PBXFileReference; fileEncoding = 4; lastKnownFileType = text.json; path = walkthrough.json; sourceTree = "<group>"; };
		C1AAD32E0AEB7704FAB0B200 /* Pods_OnboardingDemoLottie.framework */ = {isa = PBXFileReference; explicitFileType = wrapper.framework; includeInIndex = 0; path = Pods_OnboardingDemoLottie.framework; sourceTree = BUILT_PRODUCTS_DIR; };
		E5D47F19EE9A0C0CB82C710D /* Pods-OnboardingDemoLottie.release.xcconfig */ = {isa = PBXFileReference; includeInIndex = 1; lastKnownFileType = text.xcconfig; name = "Pods-OnboardingDemoLottie.release.xcconfig"; path = "Pods/Target Support Files/Pods-OnboardingDemoLottie/Pods-OnboardingDemoLottie.release.xcconfig"; sourceTree = "<group>"; };
/* End PBXFileReference section */

/* Begin PBXFrameworksBuildPhase section */
		BB6FAE241FEA92E0004ABB7B /* Frameworks */ = {
			isa = PBXFrameworksBuildPhase;
			buildActionMask = 2147483647;
			files = (
				52217FF68F4671734E2F77FF /* Pods_OnboardingDemoLottie.framework in Frameworks */,
			);
			runOnlyForDeploymentPostprocessing = 0;
		};
/* End PBXFrameworksBuildPhase section */

/* Begin PBXGroup section */
		56A6880DB9334985953ED365 /* Frameworks */ = {
			isa = PBXGroup;
			children = (
				C1AAD32E0AEB7704FAB0B200 /* Pods_OnboardingDemoLottie.framework */,
			);
			name = Frameworks;
			sourceTree = "<group>";
		};
		BB6FAE1E1FEA92E0004ABB7B = {
			isa = PBXGroup;
			children = (
				BB6FAE291FEA92E0004ABB7B /* OnboardingDemoLottie */,
				BB6FAE281FEA92E0004ABB7B /* Products */,
				CFAB172CE5CAC4E57EECDDC9 /* Pods */,
				56A6880DB9334985953ED365 /* Frameworks */,
			);
			sourceTree = "<group>";
		};
		BB6FAE281FEA92E0004ABB7B /* Products */ = {
			isa = PBXGroup;
			children = (
				BB6FAE271FEA92E0004ABB7B /* OnboardingDemoLottie.app */,
			);
			name = Products;
			sourceTree = "<group>";
		};
		BB6FAE291FEA92E0004ABB7B /* OnboardingDemoLottie */ = {
			isa = PBXGroup;
			children = (
				BBEAA7F41FECF011001B1304 /* walkthrough.json */,
				BB6FAE2A1FEA92E0004ABB7B /* AppDelegate.swift */,
				BB6FAE2C1FEA92E0004ABB7B /* ViewController.swift */,
				BB6FAE2E1FEA92E0004ABB7B /* Main.storyboard */,
				BB6FAE311FEA92E0004ABB7B /* Assets.xcassets */,
				BB6FAE331FEA92E0004ABB7B /* LaunchScreen.storyboard */,
				BB6FAE361FEA92E0004ABB7B /* Info.plist */,
			);
			path = OnboardingDemoLottie;
			sourceTree = "<group>";
		};
		CFAB172CE5CAC4E57EECDDC9 /* Pods */ = {
			isa = PBXGroup;
			children = (
				9C4D07ABD0B6D4F5DB0C5BD7 /* Pods-OnboardingDemoLottie.debug.xcconfig */,
				E5D47F19EE9A0C0CB82C710D /* Pods-OnboardingDemoLottie.release.xcconfig */,
			);
			name = Pods;
			sourceTree = "<group>";
		};
/* End PBXGroup section */

/* Begin PBXNativeTarget section */
		BB6FAE261FEA92E0004ABB7B /* OnboardingDemoLottie */ = {
			isa = PBXNativeTarget;
			buildConfigurationList = BB6FAE391FEA92E0004ABB7B /* Build configuration list for PBXNativeTarget "OnboardingDemoLottie" */;
			buildPhases = (
				4614D0B47FB74894D5F6F655 /* [CP] Check Pods Manifest.lock */,
				BB6FAE231FEA92E0004ABB7B /* Sources */,
				BB6FAE241FEA92E0004ABB7B /* Frameworks */,
				BB6FAE251FEA92E0004ABB7B /* Resources */,
				E8A89F1DEF5007F7A0DAF741 /* [CP] Embed Pods Frameworks */,
				3F0A5910251B09352AE0B9DF /* [CP] Copy Pods Resources */,
			);
			buildRules = (
			);
			dependencies = (
			);
			name = OnboardingDemoLottie;
			productName = OnboardingDemoLottie;
			productReference = BB6FAE271FEA92E0004ABB7B /* OnboardingDemoLottie.app */;
			productType = "com.apple.product-type.application";
		};
/* End PBXNativeTarget section */

/* Begin PBXProject section */
		BB6FAE1F1FEA92E0004ABB7B /* Project object */ = {
			isa = PBXProject;
			attributes = {
				LastSwiftUpdateCheck = 0920;
				LastUpgradeCheck = 0920;
				ORGANIZATIONNAME = "Prateek Sharma";
				TargetAttributes = {
					BB6FAE261FEA92E0004ABB7B = {
						CreatedOnToolsVersion = 9.2;
						ProvisioningStyle = Automatic;
					};
				};
			};
			buildConfigurationList = BB6FAE221FEA92E0004ABB7B /* Build configuration list for PBXProject "OnboardingDemoLottie" */;
			compatibilityVersion = "Xcode 8.0";
			developmentRegion = en;
			hasScannedForEncodings = 0;
			knownRegions = (
				en,
				Base,
			);
			mainGroup = BB6FAE1E1FEA92E0004ABB7B;
			productRefGroup = BB6FAE281FEA92E0004ABB7B /* Products */;
			projectDirPath = "";
			projectRoot = "";
			targets = (
				BB6FAE261FEA92E0004ABB7B /* OnboardingDemoLottie */,
			);
		};
/* End PBXProject section */

/* Begin PBXResourcesBuildPhase section */
		BB6FAE251FEA92E0004ABB7B /* Resources */ = {
			isa = PBXResourcesBuildPhase;
			buildActionMask = 2147483647;
			files = (
				BBEAA7F51FECF011001B1304 /* walkthrough.json in Resources */,
				BB6FAE351FEA92E0004ABB7B /* LaunchScreen.storyboard in Resources */,
				BB6FAE321FEA92E0004ABB7B /* Assets.xcassets in Resources */,
				BB6FAE301FEA92E0004ABB7B /* Main.storyboard in Resources */,
			);
			runOnlyForDeploymentPostprocessing = 0;
		};
/* End PBXResourcesBuildPhase section */

/* Begin PBXShellScriptBuildPhase section */
		3F0A5910251B09352AE0B9DF /* [CP] Copy Pods Resources */ = {
			isa = PBXShellScriptBuildPhase;
			buildActionMask = 2147483647;
			files = (
			);
			inputPaths = (
			);
			name = "[CP] Copy Pods Resources";
			outputPaths = (
			);
			runOnlyForDeploymentPostprocessing = 0;
			shellPath = /bin/sh;
			shellScript = "\"${SRCROOT}/Pods/Target Support Files/Pods-OnboardingDemoLottie/Pods-OnboardingDemoLottie-resources.sh\"\n";
			showEnvVarsInLog = 0;
		};
		4614D0B47FB74894D5F6F655 /* [CP] Check Pods Manifest.lock */ = {
			isa = PBXShellScriptBuildPhase;
			buildActionMask = 2147483647;
			files = (
			);
			inputPaths = (
				"${PODS_PODFILE_DIR_PATH}/Podfile.lock",
				"${PODS_ROOT}/Manifest.lock",
			);
			name = "[CP] Check Pods Manifest.lock";
			outputPaths = (
				"$(DERIVED_FILE_DIR)/Pods-OnboardingDemoLottie-checkManifestLockResult.txt",
			);
			runOnlyForDeploymentPostprocessing = 0;
			shellPath = /bin/sh;
			shellScript = "diff \"${PODS_PODFILE_DIR_PATH}/Podfile.lock\" \"${PODS_ROOT}/Manifest.lock\" > /dev/null\nif [ $? != 0 ] ; then\n    # print error to STDERR\n    echo \"error: The sandbox is not in sync with the Podfile.lock. Run 'pod install' or update your CocoaPods installation.\" >&2\n    exit 1\nfi\n# This output is used by Xcode 'outputs' to avoid re-running this script phase.\necho \"SUCCESS\" > \"${SCRIPT_OUTPUT_FILE_0}\"\n";
			showEnvVarsInLog = 0;
		};
		E8A89F1DEF5007F7A0DAF741 /* [CP] Embed Pods Frameworks */ = {
			isa = PBXShellScriptBuildPhase;
			buildActionMask = 2147483647;
			files = (
			);
			inputPaths = (
				"${SRCROOT}/Pods/Target Support Files/Pods-OnboardingDemoLottie/Pods-OnboardingDemoLottie-frameworks.sh",
				"${BUILT_PRODUCTS_DIR}/lottie-ios/Lottie.framework",
			);
			name = "[CP] Embed Pods Frameworks";
			outputPaths = (
				"${TARGET_BUILD_DIR}/${FRAMEWORKS_FOLDER_PATH}/Lottie.framework",
			);
			runOnlyForDeploymentPostprocessing = 0;
			shellPath = /bin/sh;
			shellScript = "\"${SRCROOT}/Pods/Target Support Files/Pods-OnboardingDemoLottie/Pods-OnboardingDemoLottie-frameworks.sh\"\n";
			showEnvVarsInLog = 0;
		};
/* End PBXShellScriptBuildPhase section */

/* Begin PBXSourcesBuildPhase section */
		BB6FAE231FEA92E0004ABB7B /* Sources */ = {
			isa = PBXSourcesBuildPhase;
			buildActionMask = 2147483647;
			files = (
				BB6FAE2D1FEA92E0004ABB7B /* ViewController.swift in Sources */,
				BB6FAE2B1FEA92E0004ABB7B /* AppDelegate.swift in Sources */,
			);
			runOnlyForDeploymentPostprocessing = 0;
		};
/* End PBXSourcesBuildPhase section */

/* Begin PBXVariantGroup section */
		BB6FAE2E1FEA92E0004ABB7B /* Main.storyboard */ = {
			isa = PBXVariantGroup;
			children = (
				BB6FAE2F1FEA92E0004ABB7B /* Base */,
			);
			name = Main.storyboard;
			sourceTree = "<group>";
		};
		BB6FAE331FEA92E0004ABB7B /* LaunchScreen.storyboard */ = {
			isa = PBXVariantGroup;
			children = (
				BB6FAE341FEA92E0004ABB7B /* Base */,
			);
			name = LaunchScreen.storyboard;
			sourceTree = "<group>";
		};
/* End PBXVariantGroup section */

/* Begin XCBuildConfiguration section */
		BB6FAE371FEA92E0004ABB7B /* Debug */ = {
			isa = XCBuildConfiguration;
			buildSettings = {
				ALWAYS_SEARCH_USER_PATHS = NO;
				CLANG_ANALYZER_NONNULL = YES;
				CLANG_ANALYZER_NUMBER_OBJECT_CONVERSION = YES_AGGRESSIVE;
				CLANG_CXX_LANGUAGE_STANDARD = "gnu++14";
				CLANG_CXX_LIBRARY = "libc++";
				CLANG_ENABLE_MODULES = YES;
				CLANG_ENABLE_OBJC_ARC = YES;
				CLANG_WARN_BLOCK_CAPTURE_AUTORELEASING = YES;
				CLANG_WARN_BOOL_CONVERSION = YES;
				CLANG_WARN_COMMA = YES;
				CLANG_WARN_CONSTANT_CONVERSION = YES;
				CLANG_WARN_DIRECT_OBJC_ISA_USAGE = YES_ERROR;
				CLANG_WARN_DOCUMENTATION_COMMENTS = YES;
				CLANG_WARN_EMPTY_BODY = YES;
				CLANG_WARN_ENUM_CONVERSION = YES;
				CLANG_WARN_INFINITE_RECURSION = YES;
				CLANG_WARN_INT_CONVERSION = YES;
				CLANG_WARN_NON_LITERAL_NULL_CONVERSION = YES;
				CLANG_WARN_OBJC_LITERAL_CONVERSION = YES;
				CLANG_WARN_OBJC_ROOT_CLASS = YES_ERROR;
				CLANG_WARN_RANGE_LOOP_ANALYSIS = YES;
				CLANG_WARN_STRICT_PROTOTYPES = YES;
				CLANG_WARN_SUSPICIOUS_MOVE = YES;
				CLANG_WARN_UNGUARDED_AVAILABILITY = YES_AGGRESSIVE;
				CLANG_WARN_UNREACHABLE_CODE = YES;
				CLANG_WARN__DUPLICATE_METHOD_MATCH = YES;
				CODE_SIGN_IDENTITY = "iPhone Developer";
				COPY_PHASE_STRIP = NO;
				DEBUG_INFORMATION_FORMAT = dwarf;
				ENABLE_STRICT_OBJC_MSGSEND = YES;
				ENABLE_TESTABILITY = YES;
				GCC_C_LANGUAGE_STANDARD = gnu11;
				GCC_DYNAMIC_NO_PIC = NO;
				GCC_NO_COMMON_BLOCKS = YES;
				GCC_OPTIMIZATION_LEVEL = 0;
				GCC_PREPROCESSOR_DEFINITIONS = (
					"DEBUG=1",
					"$(inherited)",
				);
				GCC_WARN_64_TO_32_BIT_CONVERSION = YES;
				GCC_WARN_ABOUT_RETURN_TYPE = YES_ERROR;
				GCC_WARN_UNDECLARED_SELECTOR = YES;
				GCC_WARN_UNINITIALIZED_AUTOS = YES_AGGRESSIVE;
				GCC_WARN_UNUSED_FUNCTION = YES;
				GCC_WARN_UNUSED_VARIABLE = YES;
				IPHONEOS_DEPLOYMENT_TARGET = 11.2;
				MTL_ENABLE_DEBUG_INFO = YES;
				ONLY_ACTIVE_ARCH = YES;
				SDKROOT = iphoneos;
				SWIFT_ACTIVE_COMPILATION_CONDITIONS = DEBUG;
				SWIFT_OPTIMIZATION_LEVEL = "-Onone";
			};
			name = Debug;
		};
		BB6FAE381FEA92E0004ABB7B /* Release */ = {
			isa = XCBuildConfiguration;
			buildSettings = {
				ALWAYS_SEARCH_USER_PATHS = NO;
				CLANG_ANALYZER_NONNULL = YES;
				CLANG_ANALYZER_NUMBER_OBJECT_CONVERSION = YES_AGGRESSIVE;
				CLANG_CXX_LANGUAGE_STANDARD = "gnu++14";
				CLANG_CXX_LIBRARY = "libc++";
				CLANG_ENABLE_MODULES = YES;
				CLANG_ENABLE_OBJC_ARC = YES;
				CLANG_WARN_BLOCK_CAPTURE_AUTORELEASING = YES;
				CLANG_WARN_BOOL_CONVERSION = YES;
				CLANG_WARN_COMMA = YES;
				CLANG_WARN_CONSTANT_CONVERSION = YES;
				CLANG_WARN_DIRECT_OBJC_ISA_USAGE = YES_ERROR;
				CLANG_WARN_DOCUMENTATION_COMMENTS = YES;
				CLANG_WARN_EMPTY_BODY = YES;
				CLANG_WARN_ENUM_CONVERSION = YES;
				CLANG_WARN_INFINITE_RECURSION = YES;
				CLANG_WARN_INT_CONVERSION = YES;
				CLANG_WARN_NON_LITERAL_NULL_CONVERSION = YES;
				CLANG_WARN_OBJC_LITERAL_CONVERSION = YES;
				CLANG_WARN_OBJC_ROOT_CLASS = YES_ERROR;
				CLANG_WARN_RANGE_LOOP_ANALYSIS = YES;
				CLANG_WARN_STRICT_PROTOTYPES = YES;
				CLANG_WARN_SUSPICIOUS_MOVE = YES;
				CLANG_WARN_UNGUARDED_AVAILABILITY = YES_AGGRESSIVE;
				CLANG_WARN_UNREACHABLE_CODE = YES;
				CLANG_WARN__DUPLICATE_METHOD_MATCH = YES;
				CODE_SIGN_IDENTITY = "iPhone Developer";
				COPY_PHASE_STRIP = NO;
				DEBUG_INFORMATION_FORMAT = "dwarf-with-dsym";
				ENABLE_NS_ASSERTIONS = NO;
				ENABLE_STRICT_OBJC_MSGSEND = YES;
				GCC_C_LANGUAGE_STANDARD = gnu11;
				GCC_NO_COMMON_BLOCKS = YES;
				GCC_WARN_64_TO_32_BIT_CONVERSION = YES;
				GCC_WARN_ABOUT_RETURN_TYPE = YES_ERROR;
				GCC_WARN_UNDECLARED_SELECTOR = YES;
				GCC_WARN_UNINITIALIZED_AUTOS = YES_AGGRESSIVE;
				GCC_WARN_UNUSED_FUNCTION = YES;
				GCC_WARN_UNUSED_VARIABLE = YES;
				IPHONEOS_DEPLOYMENT_TARGET = 11.2;
				MTL_ENABLE_DEBUG_INFO = NO;
				SDKROOT = iphoneos;
				SWIFT_OPTIMIZATION_LEVEL = "-Owholemodule";
				VALIDATE_PRODUCT = YES;
			};
			name = Release;
		};
		BB6FAE3A1FEA92E0004ABB7B /* Debug */ = {
			isa = XCBuildConfiguration;
			baseConfigurationReference = 9C4D07ABD0B6D4F5DB0C5BD7 /* Pods-OnboardingDemoLottie.debug.xcconfig */;
			buildSettings = {
				ASSETCATALOG_COMPILER_APPICON_NAME = AppIcon;
				CODE_SIGN_STYLE = Automatic;
				DEVELOPMENT_TEAM = FH6F3G6EQZ;
				INFOPLIST_FILE = OnboardingDemoLottie/Info.plist;
				IPHONEOS_DEPLOYMENT_TARGET = 11.0;
				LD_RUNPATH_SEARCH_PATHS = "$(inherited) @executable_path/Frameworks";
				PRODUCT_BUNDLE_IDENTIFIER = prat14k.OnboardingDemoLottie;
				PRODUCT_NAME = "$(TARGET_NAME)";
				SWIFT_VERSION = 4.0;
				TARGETED_DEVICE_FAMILY = "1,2";
			};
			name = Debug;
		};
		BB6FAE3B1FEA92E0004ABB7B /* Release */ = {
			isa = XCBuildConfiguration;
			baseConfigurationReference = E5D47F19EE9A0C0CB82C710D /* Pods-OnboardingDemoLottie.release.xcconfig */;
			buildSettings = {
				ASSETCATALOG_COMPILER_APPICON_NAME = AppIcon;
				CODE_SIGN_STYLE = Automatic;
				DEVELOPMENT_TEAM = FH6F3G6EQZ;
				INFOPLIST_FILE = OnboardingDemoLottie/Info.plist;
				IPHONEOS_DEPLOYMENT_TARGET = 11.0;
				LD_RUNPATH_SEARCH_PATHS = "$(inherited) @executable_path/Frameworks";
				PRODUCT_BUNDLE_IDENTIFIER = prat14k.OnboardingDemoLottie;
				PRODUCT_NAME = "$(TARGET_NAME)";
				SWIFT_VERSION = 4.0;
				TARGETED_DEVICE_FAMILY = "1,2";
			};
			name = Release;
		};
/* End XCBuildConfiguration section */

/* Begin XCConfigurationList section */
		BB6FAE221FEA92E0004ABB7B /* Build configuration list for PBXProject "OnboardingDemoLottie" */ = {
			isa = XCConfigurationList;
			buildConfigurations = (
				BB6FAE371FEA92E0004ABB7B /* Debug */,
				BB6FAE381FEA92E0004ABB7B /* Release */,
			);
			defaultConfigurationIsVisible = 0;
			defaultConfigurationName = Release;
		};
		BB6FAE391FEA92E0004ABB7B /* Build configuration list for PBXNativeTarget "OnboardingDemoLottie" */ = {
			isa = XCConfigurationList;
			buildConfigurations = (
				BB6FAE3A1FEA92E0004ABB7B /* Debug */,
				BB6FAE3B1FEA92E0004ABB7B /* Release */,
			);
			defaultConfigurationIsVisible = 0;
			defaultConfigurationName = Release;
		};
/* End XCConfigurationList section */
	};
	rootObject = BB6FAE1F1FEA92E0004ABB7B /* Project object */;
}
